# This is a Gradle generated file for dependency locking.
# Manual edits can break the build and are not advised.
# This file is expected to be part of source control.
androidx.annotation:annotation:1.1.0=debugRuntimeClasspath,debugUnitTestRuntimeClasspath,dioxusDebugRuntimeClasspath,dioxusDebugUnitTestRuntimeClasspath,dioxusReleaseRuntimeClasspath,dioxusReleaseUnitTestRuntimeClasspath,releaseRuntimeClasspath,releaseUnitTestRuntimeClasspath,yewDebugRuntimeClasspath,yewDebugUnitTestRuntimeClasspath,yewReleaseRuntimeClasspath,yewReleaseUnitTestRuntimeClasspath
androidx.arch.core:core-common:2.0.0=debugRuntimeClasspath,debugUnitTestRuntimeClasspath,dioxusDebugRuntimeClasspath,dioxusDebugUnitTestRuntimeClasspath,dioxusReleaseRuntimeClasspath,dioxusReleaseUnitTestRuntimeClasspath,releaseRuntimeClasspath,releaseUnitTestRuntimeClasspath,yewDebugRuntimeClasspath,yewDebugUnitTestRuntimeClasspath,yewReleaseRuntimeClasspath,yewReleaseUnitTestRuntimeClasspath
androidx.collection:collection:1.0.0=debugRuntimeClasspath,debugUnitTestRuntimeClasspath,dioxusDebugRuntimeClasspath,dioxusDebugUnitTestRuntimeClasspath,dioxusReleaseRuntimeClasspath,dioxusReleaseUnitTestRuntimeClasspath,releaseRuntimeClasspath,releaseUnitTestRuntimeClasspath,yewDebugRuntimeClasspath,yewDebugUnitTestRuntimeClasspath,yewReleaseRuntimeClasspath,yewReleaseUnitTestRuntimeClasspath
androidx.core:core:1.1.0=debugRuntimeClasspath,debugUnitTestRuntimeClasspath,dioxusDebugRuntimeClasspath,dioxusDebugUnitTestRuntimeClasspath,dioxusReleaseRuntimeClasspath,dioxusReleaseUnitTestRuntimeClasspath,releaseRuntimeClasspath,releaseUnitTestRuntimeClasspath,yewDebugRuntimeClasspath,yewDebugUnitTestRuntimeClasspath,yewReleaseRuntimeClasspath,yewReleaseUnitTestRuntimeClasspath
androidx.lifecycle:lifecycle-common:2.0.0=debugRuntimeClasspath,debugUnitTestRuntimeClasspath,dioxusDebugRuntimeClasspath,dioxusDebugUnitTestRuntimeClasspath,dioxusReleaseRuntimeClasspath,dioxusReleaseUnitTestRuntimeClasspath,releaseRuntimeClasspath,releaseUnitTestRuntimeClasspath,yewDebugRuntimeClasspath,yewDebugUnitTestRuntimeClasspath,yewReleaseRuntimeClasspath,yewReleaseUnitTestRuntimeClasspath
androidx.lifecycle:lifecycle-runtime:2.0.0=debugRuntimeClasspath,debugUnitTestRuntimeClasspath,dioxusDebugRuntimeClasspath,dioxusDebugUnitTestRuntimeClasspath,dioxusReleaseRuntimeClasspath,dioxusReleaseUnitTestRuntimeClasspath,releaseRuntimeClasspath,releaseUnitTestRuntimeClasspath,yewDebugRuntimeClasspath,yewDebugUnitTestRuntimeClasspath,yewReleaseRuntimeClasspath,yewReleaseUnitTestRuntimeClasspath
androidx.versionedparcelable:versionedparcelable:1.1.0=debugRuntimeClasspath,debugUnitTestRuntimeClasspath,dioxusDebugRuntimeClasspath,dioxusDebugUnitTestRuntimeClasspath,dioxusReleaseRuntimeClasspath,dioxusReleaseUnitTestRuntimeClasspath,releaseRuntimeClasspath,releaseUnitTestRuntimeClasspath,yewDebugRuntimeClasspath,yewDebugUnitTestRuntimeClasspath,yewReleaseRuntimeClasspath,yewReleaseUnitTestRuntimeClasspath
com.google.code.gson:gson:2.8.5=debugAndroidTestCompileClasspath,debugCompileClasspath,debugRuntimeClasspath,debugUnitTestCompileClasspath,debugUnitTestRuntimeClasspath,dioxusDebugAndroidTestCompileClasspath,dioxusDebugCompileClasspath,dioxusDebugRuntimeClasspath,dioxusDebugUnitTestCompileClasspath,dioxusDebugUnitTestRuntimeClasspath,dioxusReleaseCompileClasspath,dioxusReleaseRuntimeClasspath,dioxusReleaseUnitTestCompileClasspath,dioxusReleaseUnitTestRuntimeClasspath,implementationDependenciesMetadata,releaseCompileClasspath,releaseRuntimeClasspath,releaseUnitTestCompileClasspath,releaseUnitTestRuntimeClasspath,yewDebugAndroidTestCompileClasspath,yewDebugCompileClasspath,yewDebugRuntimeClasspath,yewDebugUnitTestCompileClasspath,yewDebugUnitTestRuntimeClasspath,yewReleaseCompileClasspath,yewReleaseRuntimeClasspath,yewReleaseUnitTestCompileClasspath,yewReleaseUnitTestRuntimeClasspath
com.squareup.okhttp3:okhttp:3.12.13=dioxusDebugAndroidTestCompileClasspath,dioxusDebugCompileClasspath,dioxusDebugRuntimeClasspath,dioxusDebugUnitTestCompileClasspath,dioxusDebugUnitTestRuntimeClasspath,dioxusReleaseCompileClasspath,dioxusReleaseRuntimeClasspath,dioxusReleaseUnitTestCompileClasspath,dioxusReleaseUnitTestRuntimeClasspath,yewDebugAndroidTestCompileClasspath,yewDebugCompileClasspath,yewDebugRuntimeClasspath,yewDebugUnitTestCompileClasspath,yewDebugUnitTestRuntimeClasspath,yewReleaseCompileClasspath,yewReleaseRuntimeClasspath,yewReleaseUnitTestCompileClasspath,yewReleaseUnitTestRuntimeClasspath
com.squareup.okio:okio:1.15.0=dioxusDebugAndroidTestCompileClasspath,dioxusDebugCompileClasspath,dioxusDebugRuntimeClasspath,dioxusDebugUnitTestCompileClasspath,dioxusDebugUnitTestRuntimeClasspath,dioxusReleaseCompileClasspath,dioxusReleaseRuntimeClasspath,dioxusReleaseUnitTestCompileClasspath,dioxusReleaseUnitTestRuntimeClasspath,yewDebugAndroidTestCompileClasspath,yewDebugCompileClasspath,yewDebugRuntimeClasspath,yewDebugUnitTestCompileClasspath,yewDebugUnitTestRuntimeClasspath,yewReleaseCompileClasspath,yewReleaseRuntimeClasspath,yewReleaseUnitTestCompileClasspath,yewReleaseUnitTestRuntimeClasspath
net.java.dev.jna:jna:5.6.0=kotlinCompilerClasspath,kotlinKlibCommonizerClasspath
org.jacoco:org.jacoco.agent:0.8.8=androidJacocoAnt
org.jacoco:org.jacoco.ant:0.8.8=androidJacocoAnt
org.jacoco:org.jacoco.core:0.8.8=androidJacocoAnt
org.jacoco:org.jacoco.report:0.8.8=androidJacocoAnt
org.jetbrains.intellij.deps:trove4j:1.0.20200330=kotlinCompilerClasspath,kotlinKlibCommonizerClasspath
org.jetbrains.kotlin:kotlin-compiler-embeddable:1.8.22=kotlinCompilerClasspath,kotlinKlibCommonizerClasspath
org.jetbrains.kotlin:kotlin-daemon-embeddable:1.8.22=kotlinCompilerClasspath,kotlinKlibCommonizerClasspath
org.jetbrains.kotlin:kotlin-klib-commonizer-embeddable:1.8.22=kotlinKlibCommonizerClasspath
org.jetbrains.kotlin:kotlin-reflect:1.6.10=kotlinCompilerClasspath,kotlinKlibCommonizerClasspath
org.jetbrains.kotlin:kotlin-script-runtime:1.8.22=kotlinCompilerClasspath,kotlinKlibCommonizerClasspath
org.jetbrains.kotlin:kotlin-stdlib-common:1.8.22=apiDependenciesMetadata,debugAndroidTestCompileClasspath,debugCompileClasspath,debugRuntimeClasspath,debugUnitTestCompileClasspath,debugUnitTestRuntimeClasspath,dioxusDebugAndroidTestCompileClasspath,dioxusDebugCompileClasspath,dioxusDebugRuntimeClasspath,dioxusDebugUnitTestCompileClasspath,dioxusDebugUnitTestRuntimeClasspath,dioxusReleaseCompileClasspath,dioxusReleaseRuntimeClasspath,dioxusReleaseUnitTestCompileClasspath,dioxusReleaseUnitTestRuntimeClasspath,implementationDependenciesMetadata,kotlinCompilerClasspath,kotlinKlibCommonizerClasspath,releaseCompileClasspath,releaseRuntimeClasspath,releaseUnitTestCompileClasspath,releaseUnitTestRuntimeClasspath,yewDebugAndroidTestCompileClasspath,yewDebugCompileClasspath,yewDebugRuntimeClasspath,yewDebugUnitTestCompileClasspath,yewDebugUnitTestRuntimeClasspath,yewReleaseCompileClasspath,yewReleaseRuntimeClasspath,yewReleaseUnitTestCompileClasspath,yewReleaseUnitTestRuntimeClasspath
org.jetbrains.kotlin:kotlin-stdlib-jdk7:1.8.22=apiDependenciesMetadata,debugAndroidTestCompileClasspath,debugCompileClasspath,debugRuntimeClasspath,debugUnitTestCompileClasspath,debugUnitTestRuntimeClasspath,dioxusDebugAndroidTestCompileClasspath,dioxusDebugCompileClasspath,dioxusDebugRuntimeClasspath,dioxusDebugUnitTestCompileClasspath,dioxusDebugUnitTestRuntimeClasspath,dioxusReleaseCompileClasspath,dioxusReleaseRuntimeClasspath,dioxusReleaseUnitTestCompileClasspath,dioxusReleaseUnitTestRuntimeClasspath,implementationDependenciesMetadata,releaseCompileClasspath,releaseRuntimeClasspath,releaseUnitTestCompileClasspath,releaseUnitTestRuntimeClasspath,yewDebugAndroidTestCompileClasspath,yewDebugCompileClasspath,yewDebugRuntimeClasspath,yewDebugUnitTestCompileClasspath,yewDebugUnitTestRuntimeClasspath,yewReleaseCompileClasspath,yewReleaseRuntimeClasspath,yewReleaseUnitTestCompileClasspath,yewReleaseUnitTestRuntimeClasspath
org.jetbrains.kotlin:kotlin-stdlib-jdk8:1.8.22=apiDependenciesMetadata,debugAndroidTestCompileClasspath,debugCompileClasspath,debugRuntimeClasspath,debugUnitTestCompileClasspath,debugUnitTestRuntimeClasspath,dioxusDebugAndroidTestCompileClasspath,dioxusDebugCompileClasspath,dioxusDebugRuntimeClasspath,dioxusDebugUnitTestCompileClasspath,dioxusDebugUnitTestRuntimeClasspath,dioxusReleaseCompileClasspath,dioxusReleaseRuntimeClasspath,dioxusReleaseUnitTestCompileClasspath,dioxusReleaseUnitTestRuntimeClasspath,implementationDependenciesMetadata,releaseCompileClasspath,releaseRuntimeClasspath,releaseUnitTestCompileClasspath,releaseUnitTestRuntimeClasspath,yewDebugAndroidTestCompileClasspath,yewDebugCompileClasspath,yewDebugRuntimeClasspath,yewDebugUnitTestCompileClasspath,yewDebugUnitTestRuntimeClasspath,yewReleaseCompileClasspath,yewReleaseRuntimeClasspath,yewReleaseUnitTestCompileClasspath,yewReleaseUnitTestRuntimeClasspath
org.jetbrains.kotlin:kotlin-stdlib:1.8.22=apiDependenciesMetadata,debugAndroidTestCompileClasspath,debugCompileClasspath,debugRuntimeClasspath,debugUnitTestCompileClasspath,debugUnitTestRuntimeClasspath,dioxusDebugAndroidTestCompileClasspath,dioxusDebugCompileClasspath,dioxusDebugRuntimeClasspath,dioxusDebugUnitTestCompileClasspath,dioxusDebugUnitTestRuntimeClasspath,dioxusReleaseCompileClasspath,dioxusReleaseRuntimeClasspath,dioxusReleaseUnitTestCompileClasspath,dioxusReleaseUnitTestRuntimeClasspath,implementationDependenciesMetadata,kotlinCompilerClasspath,kotlinKlibCommonizerClasspath,releaseCompileClasspath,releaseRuntimeClasspath,releaseUnitTestCompileClasspath,releaseUnitTestRuntimeClasspath,yewDebugAndroidTestCompileClasspath,yewDebugCompileClasspath,yewDebugRuntimeClasspath,yewDebugUnitTestCompileClasspath,yewDebugUnitTestRuntimeClasspath,yewReleaseCompileClasspath,yewReleaseRuntimeClasspath,yewReleaseUnitTestCompileClasspath,yewReleaseUnitTestRuntimeClasspath
org.jetbrains:annotations:13.0=apiDependenciesMetadata,debugAndroidTestCompileClasspath,debugCompileClasspath,debugRuntimeClasspath,debugUnitTestCompileClasspath,debugUnitTestRuntimeClasspath,dioxusDebugAndroidTestCompileClasspath,dioxusDebugCompileClasspath,dioxusDebugRuntimeClasspath,dioxusDebugUnitTestCompileClasspath,dioxusDebugUnitTestRuntimeClasspath,dioxusReleaseCompileClasspath,dioxusReleaseRuntimeClasspath,dioxusReleaseUnitTestCompileClasspath,dioxusReleaseUnitTestRuntimeClasspath,implementationDependenciesMetadata,kotlinCompilerClasspath,kotlinKlibCommonizerClasspath,releaseCompileClasspath,releaseRuntimeClasspath,releaseUnitTestCompileClasspath,releaseUnitTestRuntimeClasspath,yewDebugAndroidTestCompileClasspath,yewDebugCompileClasspath,yewDebugRuntimeClasspath,yewDebugUnitTestCompileClasspath,yewDebugUnitTestRuntimeClasspath,yewReleaseCompileClasspath,yewReleaseRuntimeClasspath,yewReleaseUnitTestCompileClasspath,yewReleaseUnitTestRuntimeClasspath
org.lynxsdk.lynx:lynx-base:0.0.1-0df14207=debugRuntimeClasspath,debugUnitTestRuntimeClasspath,dioxusDebugRuntimeClasspath,dioxusDebugUnitTestRuntimeClasspath,dioxusReleaseRuntimeClasspath,dioxusReleaseUnitTestRuntimeClasspath,releaseRuntimeClasspath,releaseUnitTestRuntimeClasspath,yewDebugRuntimeClasspath,yewDebugUnitTestRuntimeClasspath,yewReleaseRuntimeClasspath,yewReleaseUnitTestRuntimeClasspath
org.lynxsdk.lynx:lynx-gfx:0.0.1-0df14207=debugRuntimeClasspath,debugUnitTestRuntimeClasspath,dioxusDebugRuntimeClasspath,dioxusDebugUnitTestRuntimeClasspath,dioxusReleaseRuntimeClasspath,dioxusReleaseUnitTestRuntimeClasspath,releaseRuntimeClasspath,releaseUnitTestRuntimeClasspath,yewDebugRuntimeClasspath,yewDebugUnitTestRuntimeClasspath,yewReleaseRuntimeClasspath,yewReleaseUnitTestRuntimeClasspath
org.lynxsdk.lynx:lynx-native-renderer:0.0.1-0df14207=debugAndroidTestCompileClasspath,debugCompileClasspath,debugRuntimeClasspath,debugUnitTestCompileClasspath,debugUnitTestRuntimeClasspath,dioxusDebugAndroidTestCompileClasspath,dioxusDebugCompileClasspath,dioxusDebugRuntimeClasspath,dioxusDebugUnitTestCompileClasspath,dioxusDebugUnitTestRuntimeClasspath,dioxusReleaseCompileClasspath,dioxusReleaseRuntimeClasspath,dioxusReleaseUnitTestCompileClasspath,dioxusReleaseUnitTestRuntimeClasspath,implementationDependenciesMetadata,releaseCompileClasspath,releaseRuntimeClasspath,releaseUnitTestCompileClasspath,releaseUnitTestRuntimeClasspath,yewDebugAndroidTestCompileClasspath,yewDebugCompileClasspath,yewDebugRuntimeClasspath,yewDebugUnitTestCompileClasspath,yewDebugUnitTestRuntimeClasspath,yewReleaseCompileClasspath,yewReleaseRuntimeClasspath,yewReleaseUnitTestCompileClasspath,yewReleaseUnitTestRuntimeClasspath
org.lynxsdk.lynx:lynx-trace:0.0.1-0df14207=debugRuntimeClasspath,debugUnitTestRuntimeClasspath,dioxusDebugRuntimeClasspath,dioxusDebugUnitTestRuntimeClasspath,dioxusReleaseRuntimeClasspath,dioxusReleaseUnitTestRuntimeClasspath,releaseRuntimeClasspath,releaseUnitTestRuntimeClasspath,yewDebugRuntimeClasspath,yewDebugUnitTestRuntimeClasspath,yewReleaseRuntimeClasspath,yewReleaseUnitTestRuntimeClasspath
org.lynxsdk.lynx:service-api:0.0.1-0df14207=debugAndroidTestCompileClasspath,debugCompileClasspath,debugRuntimeClasspath,debugUnitTestCompileClasspath,debugUnitTestRuntimeClasspath,dioxusDebugAndroidTestCompileClasspath,dioxusDebugCompileClasspath,dioxusDebugRuntimeClasspath,dioxusDebugUnitTestCompileClasspath,dioxusDebugUnitTestRuntimeClasspath,dioxusReleaseCompileClasspath,dioxusReleaseRuntimeClasspath,dioxusReleaseUnitTestCompileClasspath,dioxusReleaseUnitTestRuntimeClasspath,implementationDependenciesMetadata,releaseCompileClasspath,releaseRuntimeClasspath,releaseUnitTestCompileClasspath,releaseUnitTestRuntimeClasspath,yewDebugAndroidTestCompileClasspath,yewDebugCompileClasspath,yewDebugRuntimeClasspath,yewDebugUnitTestCompileClasspath,yewDebugUnitTestRuntimeClasspath,yewReleaseCompileClasspath,yewReleaseRuntimeClasspath,yewReleaseUnitTestCompileClasspath,yewReleaseUnitTestRuntimeClasspath
org.ow2.asm:asm-analysis:9.2=androidJacocoAnt
org.ow2.asm:asm-commons:9.2=androidJacocoAnt
org.ow2.asm:asm-tree:9.2=androidJacocoAnt
org.ow2.asm:asm:9.2=androidJacocoAnt
empty=androidApis,androidJdkImage,androidTestApiDependenciesMetadata,androidTestCompileOnlyDependenciesMetadata,androidTestDebugApiDependenciesMetadata,androidTestDebugCompileOnlyDependenciesMetadata,androidTestDebugImplementationDependenciesMetadata,androidTestDebugIntransitiveDependenciesMetadata,androidTestDioxusApiDependenciesMetadata,androidTestDioxusCompileOnlyDependenciesMetadata,androidTestDioxusDebugApiDependenciesMetadata,androidTestDioxusDebugCompileOnlyDependenciesMetadata,androidTestDioxusDebugImplementationDependenciesMetadata,androidTestDioxusDebugIntransitiveDependenciesMetadata,androidTestDioxusImplementationDependenciesMetadata,androidTestDioxusIntransitiveDependenciesMetadata,androidTestImplementationDependenciesMetadata,androidTestIntransitiveDependenciesMetadata,androidTestReleaseApiDependenciesMetadata,androidTestReleaseCompileOnlyDependenciesMetadata,androidTestReleaseImplementationDependenciesMetadata,androidTestReleaseIntransitiveDependenciesMetadata,androidTestUtil,androidTestYewApiDependenciesMetadata,androidTestYewCompileOnlyDependenciesMetadata,androidTestYewDebugApiDependenciesMetadata,androidTestYewDebugCompileOnlyDependenciesMetadata,androidTestYewDebugImplementationDependenciesMetadata,androidTestYewDebugIntransitiveDependenciesMetadata,androidTestYewImplementationDependenciesMetadata,androidTestYewIntransitiveDependenciesMetadata,compileOnlyDependenciesMetadata,coreLibraryDesugaring,debugAndroidTestAnnotationProcessorClasspath,debugAndroidTestApiDependenciesMetadata,debugAndroidTestCompileOnlyDependenciesMetadata,debugAndroidTestImplementationDependenciesMetadata,debugAndroidTestIntransitiveDependenciesMetadata,debugAndroidTestRuntimeClasspath,debugAnnotationProcessorClasspath,debugApiDependenciesMetadata,debugCompileOnlyDependenciesMetadata,debugImplementationDependenciesMetadata,debugIntransitiveDependenciesMetadata,debugReverseMetadataValues,debugUnitTestAnnotationProcessorClasspath,debugUnitTestApiDependenciesMetadata,debugUnitTestCompileOnlyDependenciesMetadata,debugUnitTestImplementationDependenciesMetadata,debugUnitTestIntransitiveDependenciesMetadata,debugWearBundling,dioxusApiDependenciesMetadata,dioxusCompileOnlyDependenciesMetadata,dioxusDebugAndroidTestAnnotationProcessorClasspath,dioxusDebugAndroidTestApiDependenciesMetadata,dioxusDebugAndroidTestCompileOnlyDependenciesMetadata,dioxusDebugAndroidTestImplementationDependenciesMetadata,dioxusDebugAndroidTestIntransitiveDependenciesMetadata,dioxusDebugAndroidTestRuntimeClasspath,dioxusDebugAnnotationProcessorClasspath,dioxusDebugApiDependenciesMetadata,dioxusDebugCompileOnlyDependenciesMetadata,dioxusDebugImplementationDependenciesMetadata,dioxusDebugIntransitiveDependenciesMetadata,dioxusDebugReverseMetadataValues,dioxusDebugUnitTestAnnotationProcessorClasspath,dioxusDebugUnitTestApiDependenciesMetadata,dioxusDebugUnitTestCompileOnlyDependenciesMetadata,dioxusDebugUnitTestImplementationDependenciesMetadata,dioxusDebugUnitTestIntransitiveDependenciesMetadata,dioxusDebugWearBundling,dioxusImplementationDependenciesMetadata,dioxusIntransitiveDependenciesMetadata,dioxusReleaseAnnotationProcessorClasspath,dioxusReleaseApiDependenciesMetadata,dioxusReleaseCompileOnlyDependenciesMetadata,dioxusReleaseImplementationDependenciesMetadata,dioxusReleaseIntransitiveDependenciesMetadata,dioxusReleaseReverseMetadataValues,dioxusReleaseUnitTestAnnotationProcessorClasspath,dioxusReleaseUnitTestApiDependenciesMetadata,dioxusReleaseUnitTestCompileOnlyDependenciesMetadata,dioxusReleaseUnitTestImplementationDependenciesMetadata,dioxusReleaseUnitTestIntransitiveDependenciesMetadata,dioxusReleaseWearBundling,intransitiveDependenciesMetadata,kotlinCompilerPluginClasspath,kotlinCompilerPluginClasspathDebug,kotlinCompilerPluginClasspathDebugAndroidTest,kotlinCompilerPluginClasspathDebugUnitTest,kotlinCompilerPluginClasspathDioxusDebug,kotlinCompilerPluginClasspathDioxusDebugAndroidTest,kotlinCompilerPluginClasspathDioxusDebugUnitTest,kotlinCompilerPluginClasspathDioxusRelease,kotlinCompilerPluginClasspathDioxusReleaseUnitTest,kotlinCompilerPluginClasspathRelease,kotlinCompilerPluginClasspathReleaseUnitTest,kotlinCompilerPluginClasspathYewDebug,kotlinCompilerPluginClasspathYewDebugAndroidTest,kotlinCompilerPluginClasspathYewDebugUnitTest,kotlinCompilerPluginClasspathYewRelease,kotlinCompilerPluginClasspathYewReleaseUnitTest,kotlinNativeCompilerPluginClasspath,lintChecks,lintPublish,releaseAnnotationProcessorClasspath,releaseApiDependenciesMetadata,releaseCompileOnlyDependenciesMetadata,releaseImplementationDependenciesMetadata,releaseIntransitiveDependenciesMetadata,releaseReverseMetadataValues,releaseUnitTestAnnotationProcessorClasspath,releaseUnitTestApiDependenciesMetadata,releaseUnitTestCompileOnlyDependenciesMetadata,releaseUnitTestImplementationDependenciesMetadata,releaseUnitTestIntransitiveDependenciesMetadata,releaseWearBundling,testApiDependenciesMetadata,testCompileOnlyDependenciesMetadata,testDebugApiDependenciesMetadata,testDebugCompileOnlyDependenciesMetadata,testDebugImplementationDependenciesMetadata,testDebugIntransitiveDependenciesMetadata,testDioxusApiDependenciesMetadata,testDioxusCompileOnlyDependenciesMetadata,testDioxusDebugApiDependenciesMetadata,testDioxusDebugCompileOnlyDependenciesMetadata,testDioxusDebugImplementationDependenciesMetadata,testDioxusDebugIntransitiveDependenciesMetadata,testDioxusImplementationDependenciesMetadata,testDioxusIntransitiveDependenciesMetadata,testDioxusReleaseApiDependenciesMetadata,testDioxusReleaseCompileOnlyDependenciesMetadata,testDioxusReleaseImplementationDependenciesMetadata,testDioxusReleaseIntransitiveDependenciesMetadata,testFixturesApiDependenciesMetadata,testFixturesCompileOnlyDependenciesMetadata,testFixturesDebugApiDependenciesMetadata,testFixturesDebugCompileOnlyDependenciesMetadata,testFixturesDebugImplementationDependenciesMetadata,testFixturesDebugIntransitiveDependenciesMetadata,testFixturesDioxusApiDependenciesMetadata,testFixturesDioxusCompileOnlyDependenciesMetadata,testFixturesDioxusImplementationDependenciesMetadata,testFixturesDioxusIntransitiveDependenciesMetadata,testFixturesImplementationDependenciesMetadata,testFixturesIntransitiveDependenciesMetadata,testFixturesReleaseApiDependenciesMetadata,testFixturesReleaseCompileOnlyDependenciesMetadata,testFixturesReleaseImplementationDependenciesMetadata,testFixturesReleaseIntransitiveDependenciesMetadata,testFixturesYewApiDependenciesMetadata,testFixturesYewCompileOnlyDependenciesMetadata,testFixturesYewImplementationDependenciesMetadata,testFixturesYewIntransitiveDependenciesMetadata,testImplementationDependenciesMetadata,testIntransitiveDependenciesMetadata,testReleaseApiDependenciesMetadata,testReleaseCompileOnlyDependenciesMetadata,testReleaseImplementationDependenciesMetadata,testReleaseIntransitiveDependenciesMetadata,testYewApiDependenciesMetadata,testYewCompileOnlyDependenciesMetadata,testYewDebugApiDependenciesMetadata,testYewDebugCompileOnlyDependenciesMetadata,testYewDebugImplementationDependenciesMetadata,testYewDebugIntransitiveDependenciesMetadata,testYewImplementationDependenciesMetadata,testYewIntransitiveDependenciesMetadata,testYewReleaseApiDependenciesMetadata,testYewReleaseCompileOnlyDependenciesMetadata,testYewReleaseImplementationDependenciesMetadata,testYewReleaseIntransitiveDependenciesMetadata,yewApiDependenciesMetadata,yewCompileOnlyDependenciesMetadata,yewDebugAndroidTestAnnotationProcessorClasspath,yewDebugAndroidTestApiDependenciesMetadata,yewDebugAndroidTestCompileOnlyDependenciesMetadata,yewDebugAndroidTestImplementationDependenciesMetadata,yewDebugAndroidTestIntransitiveDependenciesMetadata,yewDebugAndroidTestRuntimeClasspath,yewDebugAnnotationProcessorClasspath,yewDebugApiDependenciesMetadata,yewDebugCompileOnlyDependenciesMetadata,yewDebugImplementationDependenciesMetadata,yewDebugIntransitiveDependenciesMetadata,yewDebugReverseMetadataValues,yewDebugUnitTestAnnotationProcessorClasspath,yewDebugUnitTestApiDependenciesMetadata,yewDebugUnitTestCompileOnlyDependenciesMetadata,yewDebugUnitTestImplementationDependenciesMetadata,yewDebugUnitTestIntransitiveDependenciesMetadata,yewDebugWearBundling,yewImplementationDependenciesMetadata,yewIntransitiveDependenciesMetadata,yewReleaseAnnotationProcessorClasspath,yewReleaseApiDependenciesMetadata,yewReleaseCompileOnlyDependenciesMetadata,yewReleaseImplementationDependenciesMetadata,yewReleaseIntransitiveDependenciesMetadata,yewReleaseReverseMetadataValues,yewReleaseUnitTestAnnotationProcessorClasspath,yewReleaseUnitTestApiDependenciesMetadata,yewReleaseUnitTestCompileOnlyDependenciesMetadata,yewReleaseUnitTestImplementationDependenciesMetadata,yewReleaseUnitTestIntransitiveDependenciesMetadata,yewReleaseWearBundling
