# Maven snapshot identities resolved from the pinned Lynx revision's public
# Sonatype repository. Keep the timestamped values and hashes together.
PRIMJS_VERSION=4.2.0-alpha.0-SNAPSHOT
PRIMJS_UNIQUE_VERSION=4.2.0-alpha.0-20260731.091808-1
PRIMJS_AAR_SHA256=560a287d00d3ae9207e901cff8e5c0d5070961d32a375bcbaaf7b0c215b3149f
PRIMJS_POM_SHA256=a50173048d6511b5df8a6b1fff011e33590169b42f3b20fb1ab8798919faf137

PRIMJS_WASM_VERSION=4.2.0-alpha.0-SNAPSHOT
PRIMJS_WASM_UNIQUE_VERSION=4.2.0-alpha.0-20260731.091808-1
PRIMJS_WASM_AAR_SHA256=d88d89668ccc9863ca2ac3a8321bef869a15d4ca3a5ccf06ce347e132590bd4a
PRIMJS_WASM_POM_SHA256=d874b31fc48bc11e5cf3aab65a398b53870c0be679081b09dd6be3044e22bb81
